hash: 94e6be721226a2a287006d5af2a2964273de83cc96453318f5694e978bcf7d5a
updated: 2016-07-28T23:32:49.785290372+04:30
imports:
- name: github.com/atotto/clipboard
  version: bb272b845f1112e10117e3e45ce39f690c0001ad
- name: github.com/limetext/backend
  version: master
  subpackages:
  - keys
  - log
  - render
  - packages
  - parser
  - watch
- name: github.com/limetext/commands
  version: master
- name: github.com/limetext/gopy
  version: master
- name: github.com/limetext/loaders
  version: master
  subpackages:
  - json
  - plist
- name: github.com/limetext/log4go
  version: master
- name: github.com/limetext/qml-go
  version: master
  subpackages:
  - cdata
  - internal/util
  - qpainter
  - gl/glbase
- name: github.com/limetext/rubex
  version: master
- name: github.com/limetext/sublime
  version: master
  subpackages:
  - api
  - textmate/language
  - textmate/theme
  - textmate
- name: github.com/limetext/text
  version: master
- name: github.com/limetext/util
  version: master
- name: github.com/quarnster/parser
  version: 8991807ce6d383a41077a642b7b381eba1df7064
- name: gopkg.in/fsnotify.v1
  version: 836bfd95fecc0f1511dd66bdbf2b5b61ab8b00b6
testImports: []
